{
  "pins" : [
    {
      "identity" : "swift-concurrency-extension",
      "kind" : "remoteSourceControl",
      "location" : "https://github.com/hcmc-studio/swift-concurrency-extension.git",
      "state" : {
        "branch" : "0.0.59",
        "revision" : "67dc33b45e3f40e644bae627a1d548bc3ea11909"
      }
    },
    {
      "identity" : "swift-quartz-core-extension",
      "kind" : "remoteSourceControl",
      "location" : "https://github.com/hcmc-studio/swift-quartz-core-extension.git",
      "state" : {
        "branch" : "0.0.59",
        "revision" : "c6c4e427a668d343ba7ac7631a9b41cd9db10351"
      }
    }
  ],
  "version" : 2
}
